
Microsoft Visual Studio Solution File, Format Version 12.00
# Visual Studio Version 17
VisualStudioVersion = 17.1.32228.430
MinimumVisualStudioVersion = 10.0.40219.1
Project("{FAE04EC0-301F-11D3-BF4B-00C04F79EFBC}") = "market_managment", "market_managment.csproj", "{FA38B45D-299B-422A-851E-BFA56D0A0718}"
EndProject
Global
	GlobalSection(SolutionConfigurationPlatforms) = preSolution
		Debug|Any CPU = Debug|Any CPU
		Release|Any CPU = Release|Any CPU
	EndGlobalSection
	GlobalSection(ProjectConfigurationPlatforms) = postSolution
		{FA38B45D-299B-422A-851E-BFA56D0A0718}.Debug|Any CPU.ActiveCfg = Debug|Any CPU
		{FA38B45D-299B-422A-851E-BFA56D0A0718}.Debug|Any CPU.Build.0 = Debug|Any CPU
		{FA38B45D-299B-422A-851E-BFA56D0A0718}.Release|Any CPU.ActiveCfg = Release|Any CPU
		{FA38B45D-299B-422A-851E-BFA56D0A0718}.Release|Any CPU.Build.0 = Release|Any CPU
	EndGlobalSection
	GlobalSection(SolutionProperties) = preSolution
		HideSolutionNode = FALSE
	EndGlobalSection
	GlobalSection(ExtensibilityGlobals) = postSolution
		SolutionGuid = {F682C9E2-A8BF-4F5F-9B3D-3C9E48516DB6}
	EndGlobalSection
EndGlobal
